// !$*UTF8*$!
{
	archiveVersion = 1;
	classes = {
	};
	objectVersion = 51;
	objects = {

/* Begin PBXBuildFile section */
		5072735CF70AFFD9578849CC /* Pods_ColorEachDay.framework in Frameworks */ = {isa = PBXBuildFile; fileRef = 0EED3B100B7B3B26FE7C4AF4 /* Pods_ColorEachDay.framework */; };
		FD36839024906C9500C845AE /* AppDelegate.swift in Sources */ = {isa = PBXBuildFile; fileRef = FD36838F24906C9500C845AE /* AppDelegate.swift */; };
		FD36839224906C9500C845AE /* SceneDelegate.swift in Sources */ = {isa = PBXBuildFile; fileRef = FD36839124906C9500C845AE /* SceneDelegate.swift */; };
		FD36839424906C9500C845AE /* ViewController.swift in Sources */ = {isa = PBXBuildFile; fileRef = FD36839324906C9500C845AE /* ViewController.swift */; };
		FD36839724906C9500C845AE /* Main.storyboard in Resources */ = {isa = PBXBuildFile; fileRef = FD36839524906C9500C845AE /* Main.storyboard */; };
		FD36839A24906C9500C845AE /* ColorEachDay.xcdatamodeld in Sources */ = {isa = PBXBuildFile; fileRef = FD36839824906C9500C845AE /* ColorEachDay.xcdatamodeld */; };
		FD36839C24906C9600C845AE /* Assets.xcassets in Resources */ = {isa = PBXBuildFile; fileRef = FD36839B24906C9600C845AE /* Assets.xcassets */; };
		FD36839F24906C9600C845AE /* LaunchScreen.storyboard in Resources */ = {isa = PBXBuildFile; fileRef = FD36839D24906C9600C845AE /* LaunchScreen.storyboard */; };
		FD40A77E2494539F00EF8029 /* DateHeader.swift in Sources */ = {isa = PBXBuildFile; fileRef = FD40A77D2494539F00EF8029 /* DateHeader.swift */; };
		FD6F18CB249071380003FB20 /* DateCell.swift in Sources */ = {isa = PBXBuildFile; fileRef = FD6F18CA249071380003FB20 /* DateCell.swift */; };
		FDDA0EDF24A2A9DC0001AF0D /* ColorPickerViewController.swift in Sources */ = {isa = PBXBuildFile; fileRef = FDDA0EDE24A2A9DC0001AF0D /* ColorPickerViewController.swift */; };
/* End PBXBuildFile section */

/* Begin PBXFileReference section */
		0EED3B100B7B3B26FE7C4AF4 /* Pods_ColorEachDay.framework */ = {isa = PBXFileReference; explicitFileType = wrapper.framework; includeInIndex = 0; path = Pods_ColorEachDay.framework; sourceTree = BUILT_PRODUCTS_DIR; };
		45AB58C9D75D298E4479F580 /* Pods-ColorEachDay.release.xcconfig */ = {isa = PBXFileReference; includeInIndex = 1; lastKnownFileType = text.xcconfig; name = "Pods-ColorEachDay.release.xcconfig"; path = "Target Support Files/Pods-ColorEachDay/Pods-ColorEachDay.release.xcconfig"; sourceTree = "<group>"; };
		610E1E9C2360190B8F08B9D2 /* Pods-ColorEachDay.debug.xcconfig */ = {isa = PBXFileReference; includeInIndex = 1; lastKnownFileType = text.xcconfig; name = "Pods-ColorEachDay.debug.xcconfig"; path = "Target Support Files/Pods-ColorEachDay/Pods-ColorEachDay.debug.xcconfig"; sourceTree = "<group>"; };
		FD36838C24906C9500C845AE /* ColorEachDay.app */ = {isa = PBXFileReference; explicitFileType = wrapper.application; includeInIndex = 0; path = ColorEachDay.app; sourceTree = BUILT_PRODUCTS_DIR; };
		FD36838F24906C9500C845AE /* AppDelegate.swift */ = {isa = PBXFileReference; lastKnownFileType = sourcecode.swift; path = AppDelegate.swift; sourceTree = "<group>"; };
		FD36839124906C9500C845AE /* SceneDelegate.swift */ = {isa = PBXFileReference; lastKnownFileType = sourcecode.swift; path = SceneDelegate.swift; sourceTree = "<group>"; };
		FD36839324906C9500C845AE /* ViewController.swift */ = {isa = PBXFileReference; lastKnownFileType = sourcecode.swift; path = ViewController.swift; sourceTree = "<group>"; };
		FD36839624906C9500C845AE /* Base */ = {isa = PBXFileReference; lastKnownFileType = file.storyboard; name = Base; path = Base.lproj/Main.storyboard; sourceTree = "<group>"; };
		FD36839924906C9500C845AE /* ColorEachDay.xcdatamodel */ = {isa = PBXFileReference; lastKnownFileType = wrapper.xcdatamodel; path = ColorEachDay.xcdatamodel; sourceTree = "<group>"; };
		FD36839B24906C9600C845AE /* Assets.xcassets */ = {isa = PBXFileReference; lastKnownFileType = folder.assetcatalog; path = Assets.xcassets; sourceTree = "<group>"; };
		FD36839E24906C9600C845AE /* Base */ = {isa = PBXFileReference; lastKnownFileType = file.storyboard; name = Base; path = Base.lproj/LaunchScreen.storyboard; sourceTree = "<group>"; };
		FD3683A024906C9600C845AE /* Info.plist */ = {isa = PBXFileReference; lastKnownFileType = text.plist.xml; path = Info.plist; sourceTree = "<group>"; };
		FD40A77D2494539F00EF8029 /* DateHeader.swift */ = {isa = PBXFileReference; lastKnownFileType = sourcecode.swift; path = DateHeader.swift; sourceTree = "<group>"; };
		FD6F18CA249071380003FB20 /* DateCell.swift */ = {isa = PBXFileReference; lastKnownFileType = sourcecode.swift; path = DateCell.swift; sourceTree = "<group>"; };
		FDDA0EDE24A2A9DC0001AF0D /* ColorPickerViewController.swift */ = {isa = PBXFileReference; lastKnownFileType = sourcecode.swift; path = ColorPickerViewController.swift; sourceTree = "<group>"; };
/* End PBXFileReference section */

/* Begin PBXFrameworksBuildPhase section */
		FD36838924906C9500C845AE /* Frameworks */ = {
			isa = PBXFrameworksBuildPhase;
			buildActionMask = 2147483647;
			files = (
				5072735CF70AFFD9578849CC /* Pods_ColorEachDay.framework in Frameworks */,
			);
			runOnlyForDeploymentPostprocessing = 0;
		};
/* End PBXFrameworksBuildPhase section */

/* Begin PBXGroup section */
		6133262076AC560E453DF48A /* Frameworks */ = {
			isa = PBXGroup;
			children = (
				0EED3B100B7B3B26FE7C4AF4 /* Pods_ColorEachDay.framework */,
			);
			name = Frameworks;
			sourceTree = "<group>";
		};
		E466C36A9B5C3DF1B1731436 /* Pods */ = {
			isa = PBXGroup;
			children = (
				610E1E9C2360190B8F08B9D2 /* Pods-ColorEachDay.debug.xcconfig */,
				45AB58C9D75D298E4479F580 /* Pods-ColorEachDay.release.xcconfig */,
			);
			path = Pods;
			sourceTree = "<group>";
		};
		FD36838324906C9500C845AE = {
			isa = PBXGroup;
			children = (
				FD36838E24906C9500C845AE /* ColorEachDay */,
				FD36838D24906C9500C845AE /* Products */,
				E466C36A9B5C3DF1B1731436 /* Pods */,
				6133262076AC560E453DF48A /* Frameworks */,
			);
			sourceTree = "<group>";
		};
		FD36838D24906C9500C845AE /* Products */ = {
			isa = PBXGroup;
			children = (
				FD36838C24906C9500C845AE /* ColorEachDay.app */,
			);
			name = Products;
			sourceTree = "<group>";
		};
		FD36838E24906C9500C845AE /* ColorEachDay */ = {
			isa = PBXGroup;
			children = (
				FD36838F24906C9500C845AE /* AppDelegate.swift */,
				FD6F18CA249071380003FB20 /* DateCell.swift */,
				FD36839124906C9500C845AE /* SceneDelegate.swift */,
				FD40A77D2494539F00EF8029 /* DateHeader.swift */,
				FD36839524906C9500C845AE /* Main.storyboard */,
				FD36839324906C9500C845AE /* ViewController.swift */,
				FDDA0EDE24A2A9DC0001AF0D /* ColorPickerViewController.swift */,
				FD36839B24906C9600C845AE /* Assets.xcassets */,
				FD36839D24906C9600C845AE /* LaunchScreen.storyboard */,
				FD3683A024906C9600C845AE /* Info.plist */,
				FD36839824906C9500C845AE /* ColorEachDay.xcdatamodeld */,
			);
			path = ColorEachDay;
			sourceTree = "<group>";
		};
/* End PBXGroup section */

/* Begin PBXNativeTarget section */
		FD36838B24906C9500C845AE /* ColorEachDay */ = {
			isa = PBXNativeTarget;
			buildConfigurationList = FD3683A324906C9600C845AE /* Build configuration list for PBXNativeTarget "ColorEachDay" */;
			buildPhases = (
				06D195DAEF529CDAD78DBC70 /* [CP] Check Pods Manifest.lock */,
				FD36838824906C9500C845AE /* Sources */,
				FD36838924906C9500C845AE /* Frameworks */,
				FD36838A24906C9500C845AE /* Resources */,
				0D8BFDA17DBD3D5100B86C73 /* [CP] Embed Pods Frameworks */,
			);
			buildRules = (
			);
			dependencies = (
			);
			name = ColorEachDay;
			productName = ColorEachDay;
			productReference = FD36838C24906C9500C845AE /* ColorEachDay.app */;
			productType = "com.apple.product-type.application";
		};
/* End PBXNativeTarget section */

/* Begin PBXProject section */
		FD36838424906C9500C845AE /* Project object */ = {
			isa = PBXProject;
			attributes = {
				LastSwiftUpdateCheck = 1130;
				LastUpgradeCheck = 1130;
				ORGANIZATIONNAME = "Kent Mei";
				TargetAttributes = {
					FD36838B24906C9500C845AE = {
						CreatedOnToolsVersion = 11.3.1;
					};
				};
			};
			buildConfigurationList = FD36838724906C9500C845AE /* Build configuration list for PBXProject "ColorEachDay" */;
			compatibilityVersion = "Xcode 9.3";
			developmentRegion = en;
			hasScannedForEncodings = 0;
			knownRegions = (
				en,
				Base,
			);
			mainGroup = FD36838324906C9500C845AE;
			productRefGroup = FD36838D24906C9500C845AE /* Products */;
			projectDirPath = "";
			projectRoot = "";
			targets = (
				FD36838B24906C9500C845AE /* ColorEachDay */,
			);
		};
/* End PBXProject section */

/* Begin PBXResourcesBuildPhase section */
		FD36838A24906C9500C845AE /* Resources */ = {
			isa = PBXResourcesBuildPhase;
			buildActionMask = 2147483647;
			files = (
				FD36839F24906C9600C845AE /* LaunchScreen.storyboard in Resources */,
				FD36839C24906C9600C845AE /* Assets.xcassets in Resources */,
				FD36839724906C9500C845AE /* Main.storyboard in Resources */,
			);
			runOnlyForDeploymentPostprocessing = 0;
		};
/* End PBXResourcesBuildPhase section */

/* Begin PBXShellScriptBuildPhase section */
		06D195DAEF529CDAD78DBC70 /* [CP] Check Pods Manifest.lock */ = {
			isa = PBXShellScriptBuildPhase;
			buildActionMask = 2147483647;
			files = (
			);
			inputFileListPaths = (
			);
			inputPaths = (
				"${PODS_PODFILE_DIR_PATH}/Podfile.lock",
				"${PODS_ROOT}/Manifest.lock",
			);
			name = "[CP] Check Pods Manifest.lock";
			outputFileListPaths = (
			);
			outputPaths = (
				"$(DERIVED_FILE_DIR)/Pods-ColorEachDay-checkManifestLockResult.txt",
			);
			runOnlyForDeploymentPostprocessing = 0;
			shellPath = /bin/sh;
			shellScript = "diff \"${PODS_PODFILE_DIR_PATH}/Podfile.lock\" \"${PODS_ROOT}/Manifest.lock\" > /dev/null\nif [ $? != 0 ] ; then\n    # print error to STDERR\n    echo \"error: The sandbox is not in sync with the Podfile.lock. Run 'pod install' or update your CocoaPods installation.\" >&2\n    exit 1\nfi\n# This output is used by Xcode 'outputs' to avoid re-running this script phase.\necho \"SUCCESS\" > \"${SCRIPT_OUTPUT_FILE_0}\"\n";
			showEnvVarsInLog = 0;
		};
		0D8BFDA17DBD3D5100B86C73 /* [CP] Embed Pods Frameworks */ = {
			isa = PBXShellScriptBuildPhase;
			buildActionMask = 2147483647;
			files = (
			);
			inputFileListPaths = (
				"${PODS_ROOT}/Target Support Files/Pods-ColorEachDay/Pods-ColorEachDay-frameworks-${CONFIGURATION}-input-files.xcfilelist",
			);
			name = "[CP] Embed Pods Frameworks";
			outputFileListPaths = (
				"${PODS_ROOT}/Target Support Files/Pods-ColorEachDay/Pods-ColorEachDay-frameworks-${CONFIGURATION}-output-files.xcfilelist",
			);
			runOnlyForDeploymentPostprocessing = 0;
			shellPath = /bin/sh;
			shellScript = "\"${PODS_ROOT}/Target Support Files/Pods-ColorEachDay/Pods-ColorEachDay-frameworks.sh\"\n";
			showEnvVarsInLog = 0;
		};
/* End PBXShellScriptBuildPhase section */

/* Begin PBXSourcesBuildPhase section */
		FD36838824906C9500C845AE /* Sources */ = {
			isa = PBXSourcesBuildPhase;
			buildActionMask = 2147483647;
			files = (
				FD40A77E2494539F00EF8029 /* DateHeader.swift in Sources */,
				FD36839424906C9500C845AE /* ViewController.swift in Sources */,
				FD6F18CB249071380003FB20 /* DateCell.swift in Sources */,
				FDDA0EDF24A2A9DC0001AF0D /* ColorPickerViewController.swift in Sources */,
				FD36839024906C9500C845AE /* AppDelegate.swift in Sources */,
				FD36839224906C9500C845AE /* SceneDelegate.swift in Sources */,
				FD36839A24906C9500C845AE /* ColorEachDay.xcdatamodeld in Sources */,
			);
			runOnlyForDeploymentPostprocessing = 0;
		};
/* End PBXSourcesBuildPhase section */

/* Begin PBXVariantGroup section */
		FD36839524906C9500C845AE /* Main.storyboard */ = {
			isa = PBXVariantGroup;
			children = (
				FD36839624906C9500C845AE /* Base */,
			);
			name = Main.storyboard;
			sourceTree = "<group>";
		};
		FD36839D24906C9600C845AE /* LaunchScreen.storyboard */ = {
			isa = PBXVariantGroup;
			children = (
				FD36839E24906C9600C845AE /* Base */,
			);
			name = LaunchScreen.storyboard;
			sourceTree = "<group>";
		};
/* End PBXVariantGroup section */

/* Begin XCBuildConfiguration section */
		FD3683A124906C9600C845AE /* Debug */ = {
			isa = XCBuildConfiguration;
			buildSettings = {
				ALWAYS_SEARCH_USER_PATHS = NO;
				CLANG_ANALYZER_NONNULL = YES;
				CLANG_ANALYZER_NUMBER_OBJECT_CONVERSION = YES_AGGRESSIVE;
				CLANG_CXX_LANGUAGE_STANDARD = "gnu++14";
				CLANG_CXX_LIBRARY = "libc++";
				CLANG_ENABLE_MODULES = YES;
				CLANG_ENABLE_OBJC_ARC = YES;
				CLANG_ENABLE_OBJC_WEAK = YES;
				CLANG_WARN_BLOCK_CAPTURE_AUTORELEASING = YES;
				CLANG_WARN_BOOL_CONVERSION = YES;
				CLANG_WARN_COMMA = YES;
				CLANG_WARN_CONSTANT_CONVERSION = YES;
				CLANG_WARN_DEPRECATED_OBJC_IMPLEMENTATIONS = YES;
				CLANG_WARN_DIRECT_OBJC_ISA_USAGE = YES_ERROR;
				CLANG_WARN_DOCUMENTATION_COMMENTS = YES;
				CLANG_WARN_EMPTY_BODY = YES;
				CLANG_WARN_ENUM_CONVERSION = YES;
				CLANG_WARN_INFINITE_RECURSION = YES;
				CLANG_WARN_INT_CONVERSION = YES;
				CLANG_WARN_NON_LITERAL_NULL_CONVERSION = YES;
				CLANG_WARN_OBJC_IMPLICIT_RETAIN_SELF = YES;
				CLANG_WARN_OBJC_LITERAL_CONVERSION = YES;
				CLANG_WARN_OBJC_ROOT_CLASS = YES_ERROR;
				CLANG_WARN_RANGE_LOOP_ANALYSIS = YES;
				CLANG_WARN_STRICT_PROTOTYPES = YES;
				CLANG_WARN_SUSPICIOUS_MOVE = YES;
				CLANG_WARN_UNGUARDED_AVAILABILITY = YES_AGGRESSIVE;
				CLANG_WARN_UNREACHABLE_CODE = YES;
				CLANG_WARN__DUPLICATE_METHOD_MATCH = YES;
				COPY_PHASE_STRIP = NO;
				DEBUG_INFORMATION_FORMAT = dwarf;
				ENABLE_STRICT_OBJC_MSGSEND = YES;
				ENABLE_TESTABILITY = YES;
				GCC_C_LANGUAGE_STANDARD = gnu11;
				GCC_DYNAMIC_NO_PIC = NO;
				GCC_NO_COMMON_BLOCKS = YES;
				GCC_OPTIMIZATION_LEVEL = 0;
				GCC_PREPROCESSOR_DEFINITIONS = (
					"DEBUG=1",
					"$(inherited)",
				);
				GCC_WARN_64_TO_32_BIT_CONVERSION = YES;
				GCC_WARN_ABOUT_RETURN_TYPE = YES_ERROR;
				GCC_WARN_UNDECLARED_SELECTOR = YES;
				GCC_WARN_UNINITIALIZED_AUTOS = YES_AGGRESSIVE;
				GCC_WARN_UNUSED_FUNCTION = YES;
				GCC_WARN_UNUSED_VARIABLE = YES;
				IPHONEOS_DEPLOYMENT_TARGET = 13.2;
				MTL_ENABLE_DEBUG_INFO = INCLUDE_SOURCE;
				MTL_FAST_MATH = YES;
				ONLY_ACTIVE_ARCH = YES;
				SDKROOT = iphoneos;
				SWIFT_ACTIVE_COMPILATION_CONDITIONS = DEBUG;
				SWIFT_OPTIMIZATION_LEVEL = "-Onone";
			};
			name = Debug;
		};
		FD3683A224906C9600C845AE /* Release */ = {
			isa = XCBuildConfiguration;
			buildSettings = {
				ALWAYS_SEARCH_USER_PATHS = NO;
				CLANG_ANALYZER_NONNULL = YES;
				CLANG_ANALYZER_NUMBER_OBJECT_CONVERSION = YES_AGGRESSIVE;
				CLANG_CXX_LANGUAGE_STANDARD = "gnu++14";
				CLANG_CXX_LIBRARY = "libc++";
				CLANG_ENABLE_MODULES = YES;
				CLANG_ENABLE_OBJC_ARC = YES;
				CLANG_ENABLE_OBJC_WEAK = YES;
				CLANG_WARN_BLOCK_CAPTURE_AUTORELEASING = YES;
				CLANG_WARN_BOOL_CONVERSION = YES;
				CLANG_WARN_COMMA = YES;
				CLANG_WARN_CONSTANT_CONVERSION = YES;
				CLANG_WARN_DEPRECATED_OBJC_IMPLEMENTATIONS = YES;
				CLANG_WARN_DIRECT_OBJC_ISA_USAGE = YES_ERROR;
				CLANG_WARN_DOCUMENTATION_COMMENTS = YES;
				CLANG_WARN_EMPTY_BODY = YES;
				CLANG_WARN_ENUM_CONVERSION = YES;
				CLANG_WARN_INFINITE_RECURSION = YES;
				CLANG_WARN_INT_CONVERSION = YES;
				CLANG_WARN_NON_LITERAL_NULL_CONVERSION = YES;
				CLANG_WARN_OBJC_IMPLICIT_RETAIN_SELF = YES;
				CLANG_WARN_OBJC_LITERAL_CONVERSION = YES;
				CLANG_WARN_OBJC_ROOT_CLASS = YES_ERROR;
				CLANG_WARN_RANGE_LOOP_ANALYSIS = YES;
				CLANG_WARN_STRICT_PROTOTYPES = YES;
				CLANG_WARN_SUSPICIOUS_MOVE = YES;
				CLANG_WARN_UNGUARDED_AVAILABILITY = YES_AGGRESSIVE;
				CLANG_WARN_UNREACHABLE_CODE = YES;
				CLANG_WARN__DUPLICATE_METHOD_MATCH = YES;
				COPY_PHASE_STRIP = NO;
				DEBUG_INFORMATION_FORMAT = "dwarf-with-dsym";
				ENABLE_NS_ASSERTIONS = NO;
				ENABLE_STRICT_OBJC_MSGSEND = YES;
				GCC_C_LANGUAGE_STANDARD = gnu11;
				GCC_NO_COMMON_BLOCKS = YES;
				GCC_WARN_64_TO_32_BIT_CONVERSION = YES;
				GCC_WARN_ABOUT_RETURN_TYPE = YES_ERROR;
				GCC_WARN_UNDECLARED_SELECTOR = YES;
				GCC_WARN_UNINITIALIZED_AUTOS = YES_AGGRESSIVE;
				GCC_WARN_UNUSED_FUNCTION = YES;
				GCC_WARN_UNUSED_VARIABLE = YES;
				IPHONEOS_DEPLOYMENT_TARGET = 13.2;
				MTL_ENABLE_DEBUG_INFO = NO;
				MTL_FAST_MATH = YES;
				SDKROOT = iphoneos;
				SWIFT_COMPILATION_MODE = wholemodule;
				SWIFT_OPTIMIZATION_LEVEL = "-O";
				VALIDATE_PRODUCT = YES;
			};
			name = Release;
		};
		FD3683A424906C9600C845AE /* Debug */ = {
			isa = XCBuildConfiguration;
			baseConfigurationReference = 610E1E9C2360190B8F08B9D2 /* Pods-ColorEachDay.debug.xcconfig */;
			buildSettings = {
				ASSETCATALOG_COMPILER_APPICON_NAME = AppIcon;
				CODE_SIGN_STYLE = Automatic;
				DEVELOPMENT_TEAM = HGKL522PLK;
				INFOPLIST_FILE = ColorEachDay/Info.plist;
				LD_RUNPATH_SEARCH_PATHS = (
					"$(inherited)",
					"@executable_path/Frameworks",
				);
				PRODUCT_BUNDLE_IDENTIFIER = com.kaze.ColorEachDay;
				PRODUCT_NAME = "$(TARGET_NAME)";
				SWIFT_VERSION = 5.0;
				TARGETED_DEVICE_FAMILY = "1,2";
			};
			name = Debug;
		};
		FD3683A524906C9600C845AE /* Release */ = {
			isa = XCBuildConfiguration;
			baseConfigurationReference = 45AB58C9D75D298E4479F580 /* Pods-ColorEachDay.release.xcconfig */;
			buildSettings = {
				ASSETCATALOG_COMPILER_APPICON_NAME = AppIcon;
				CODE_SIGN_STYLE = Automatic;
				DEVELOPMENT_TEAM = HGKL522PLK;
				INFOPLIST_FILE = ColorEachDay/Info.plist;
				LD_RUNPATH_SEARCH_PATHS = (
					"$(inherited)",
					"@executable_path/Frameworks",
				);
				PRODUCT_BUNDLE_IDENTIFIER = com.kaze.ColorEachDay;
				PRODUCT_NAME = "$(TARGET_NAME)";
				SWIFT_VERSION = 5.0;
				TARGETED_DEVICE_FAMILY = "1,2";
			};
			name = Release;
		};
/* End XCBuildConfiguration section */

/* Begin XCConfigurationList section */
		FD36838724906C9500C845AE /* Build configuration list for PBXProject "ColorEachDay" */ = {
			isa = XCConfigurationList;
			buildConfigurations = (
				FD3683A124906C9600C845AE /* Debug */,
				FD3683A224906C9600C845AE /* Release */,
			);
			defaultConfigurationIsVisible = 0;
			defaultConfigurationName = Release;
		};
		FD3683A324906C9600C845AE /* Build configuration list for PBXNativeTarget "ColorEachDay" */ = {
			isa = XCConfigurationList;
			buildConfigurations = (
				FD3683A424906C9600C845AE /* Debug */,
				FD3683A524906C9600C845AE /* Release */,
			);
			defaultConfigurationIsVisible = 0;
			defaultConfigurationName = Release;
		};
/* End XCConfigurationList section */

/* Begin XCVersionGroup section */
		FD36839824906C9500C845AE /* ColorEachDay.xcdatamodeld */ = {
			isa = XCVersionGroup;
			children = (
				FD36839924906C9500C845AE /* ColorEachDay.xcdatamodel */,
			);
			currentVersion = FD36839924906C9500C845AE /* ColorEachDay.xcdatamodel */;
			path = ColorEachDay.xcdatamodeld;
			sourceTree = "<group>";
			versionGroupType = wrapper.xcdatamodel;
		};
/* End XCVersionGroup section */
	};
	rootObject = FD36838424906C9500C845AE /* Project object */;
}
